{
  "name": "secure-messenger",
  "lockfileVersion": 3,
  "requires": true,
  "packages": {
    "": {
      "dependencies": {
        "@sentry/react": "^10.45.0"
      }
    },
    "node_modules/@sentry-internal/browser-utils": {
      "version": "10.45.0",
      "resolved": "https://registry.npmjs.org/@sentry-internal/browser-utils/-/browser-utils-10.45.0.tgz",
      "integrity": "sha512-ZPZpeIarXKScvquGx2AfNKcYiVNDA4wegMmjyGVsTA2JPmP0TrJoO3UybJS6KGDeee8V3I3EfD/ruauMm7jOFQ==",
      "license": "MIT",
      "dependencies": {
        "@sentry/core": "10.45.0"
      },
      "engines": {
        "node": ">=18"
      }
    },
    "node_modules/@sentry-internal/feedback": {
      "version": "10.45.0",
      "resolved": "https://registry.npmjs.org/@sentry-internal/feedback/-/feedback-10.45.0.tgz",
      "integrity": "sha512-vCSurazFVq7RUeYiM5X326jA5gOVrWYD6lYX2fbjBOMcyCEhDnveNxMT62zKkZDyNT/jyD194nz/cjntBUkyWA==",
      "license": "MIT",
      "dependencies": {
        "@sentry/core": "10.45.0"
      },
      "engines": {
        "node": ">=18"
      }
    },
    "node_modules/@sentry-internal/replay": {
      "version": "10.45.0",
      "resolved": "https://registry.npmjs.org/@sentry-internal/replay/-/replay-10.45.0.tgz",
      "integrity": "sha512-vjosRoGA1bzhVAEO1oce+CsRdd70quzBeo7WvYqpcUnoLe/Rv8qpOMqWX3j26z7XfFHMExWQNQeLxmtYOArvlw==",
      "license": "MIT",
      "dependencies": {
        "@sentry-internal/browser-utils": "10.45.0",
        "@sentry/core": "10.45.0"
      },
      "engines": {
        "node": ">=18"
      }
    },
    "node_modules/@sentry-internal/replay-canvas": {
      "version": "10.45.0",
      "resolved": "https://registry.npmjs.org/@sentry-internal/replay-canvas/-/replay-canvas-10.45.0.tgz",
      "integrity": "sha512-nvq/AocdZTuD7y0KSiWi3gVaY0s5HOFy86mC/v1kDZmT/jsBAzN5LDkk/f1FvsWma1peqQmpUqxvhC+YIW294Q==",
      "license": "MIT",
      "dependencies": {
        "@sentry-internal/replay": "10.45.0",
        "@sentry/core": "10.45.0"
      },
      "engines": {
        "node": ">=18"
      }
    },
    "node_modules/@sentry/browser": {
      "version": "10.45.0",
      "resolved": "https://registry.npmjs.org/@sentry/browser/-/browser-10.45.0.tgz",
      "integrity": "sha512-e/a8UMiQhqqv706McSIcG6XK+AoQf9INthi2pD+giZfNRTzXTdqHzUT5OIO5hg8Am6eF63nDJc+vrYNPhzs51Q==",
      "license": "MIT",
      "dependencies": {
        "@sentry-internal/browser-utils": "10.45.0",
        "@sentry-internal/feedback": "10.45.0",
        "@sentry-internal/replay": "10.45.0",
        "@sentry-internal/replay-canvas": "10.45.0",
        "@sentry/core": "10.45.0"
      },
      "engines": {
        "node": ">=18"
      }
    },
    "node_modules/@sentry/core": {
      "version": "10.45.0",
      "resolved": "https://registry.npmjs.org/@sentry/core/-/core-10.45.0.tgz",
      "integrity": "sha512-s69UXxvefeQxuZ5nY7/THtTrIEvJxNVCp3ns4kwoCw1qMpgpvn/296WCKVmM7MiwnaAdzEKnAvLAwaxZc2nM7Q==",
      "license": "MIT",
      "engines": {
        "node": ">=18"
      }
    },
    "node_modules/@sentry/react": {
      "version": "10.45.0",
      "resolved": "https://registry.npmjs.org/@sentry/react/-/react-10.45.0.tgz",
      "integrity": "sha512-jLezuxi4BUIU3raKyAPR5xMbQG/nhwnWmKo5p11NCbLmWzkS+lxoyDTUB4B8TAKZLfdtdkKLOn1S0tFc8vbUHw==",
      "license": "MIT",
      "dependencies": {
        "@sentry/browser": "10.45.0",
        "@sentry/core": "10.45.0"
      },
      "engines": {
        "node": ">=18"
      },
      "peerDependencies": {
        "react": "^16.14.0 || 17.x || 18.x || 19.x"
      }
    },
    "node_modules/react": {
      "version": "19.2.4",
      "resolved": "https://registry.npmjs.org/react/-/react-19.2.4.tgz",
      "integrity": "sha512-9nfp2hYpCwOjAN+8TZFGhtWEwgvWHXqESH8qT89AT/lWklpLON22Lc8pEtnpsZz7VmawabSU0gCjnj8aC0euHQ==",
      "license": "MIT",
      "peer": true,
      "engines": {
        "node": ">=0.10.0"
      }
    }
  }
}
